// !$*UTF8*$!
{
	archiveVersion = 1;
	classes = {
	};
	objectVersion = 46;
	objects = {

/* Begin PBXBuildFile section */
		2841B4691D6D3A8000818896 /* babylon.2.4.max.js in Resources */ = {isa = PBXBuildFile; fileRef = 2841B4681D6D3A8000818896 /* babylon.2.4.max.js */; };
		2841B4701D6D6FE300818896 /* WGLViewContraller.m in Sources */ = {isa = PBXBuildFile; fileRef = 2841B46E1D6D6FE300818896 /* WGLViewContraller.m */; };
		2841B4751D6D753A00818896 /* BackgroundViewController.m in Sources */ = {isa = PBXBuildFile; fileRef = 2841B4731D6D753A00818896 /* BackgroundViewController.m */; };
		2841B4761D6D753A00818896 /* BackgroundViewController.xib in Resources */ = {isa = PBXBuildFile; fileRef = 2841B4741D6D753A00818896 /* BackgroundViewController.xib */; };
		2841B4781D6DAFB400818896 /* index1.html in Resources */ = {isa = PBXBuildFile; fileRef = 2841B4771D6DAFB400818896 /* index1.html */; };
		284FD92D1D6C4868009AAD93 /* babylon.js in Resources */ = {isa = PBXBuildFile; fileRef = 284FD92A1D6C4868009AAD93 /* babylon.js */; };
		284FD92E1D6C4868009AAD93 /* loaderCustoms.js in Resources */ = {isa = PBXBuildFile; fileRef = 284FD92B1D6C4868009AAD93 /* loaderCustoms.js */; };
		284FD92F1D6C4868009AAD93 /* pep.min.js in Resources */ = {isa = PBXBuildFile; fileRef = 284FD92C1D6C4868009AAD93 /* pep.min.js */; };
		28F466B21D6C474C00FD0111 /* main.m in Sources */ = {isa = PBXBuildFile; fileRef = 28F466B11D6C474C00FD0111 /* main.m */; };
		28F466BD1D6C474C00FD0111 /* Assets.xcassets in Resources */ = {isa = PBXBuildFile; fileRef = 28F466BC1D6C474C00FD0111 /* Assets.xcassets */; };
		28F466C01D6C474D00FD0111 /* LaunchScreen.storyboard in Resources */ = {isa = PBXBuildFile; fileRef = 28F466BE1D6C474D00FD0111 /* LaunchScreen.storyboard */; };
		28F466D41D6C476800FD0111 /* demo.js in Resources */ = {isa = PBXBuildFile; fileRef = 28F466C91D6C476800FD0111 /* demo.js */; };
		28F466D51D6C476800FD0111 /* Flare.png in Resources */ = {isa = PBXBuildFile; fileRef = 28F466CA1D6C476800FD0111 /* Flare.png */; };
		28F466D61D6C476800FD0111 /* fog.js in Resources */ = {isa = PBXBuildFile; fileRef = 28F466CB1D6C476800FD0111 /* fog.js */; };
		28F466D71D6C476800FD0111 /* fresnel.js in Resources */ = {isa = PBXBuildFile; fileRef = 28F466CC1D6C476800FD0111 /* fresnel.js */; };
		28F466D81D6C476800FD0111 /* index.css in Resources */ = {isa = PBXBuildFile; fileRef = 28F466CD1D6C476800FD0111 /* index.css */; };
		28F466D91D6C476800FD0111 /* index.html in Resources */ = {isa = PBXBuildFile; fileRef = 28F466CE1D6C476800FD0111 /* index.html */; };
		28F466DC1D6C476800FD0111 /* TropicalSunnyDay_ny.jpg in Resources */ = {isa = PBXBuildFile; fileRef = 28F466D11D6C476800FD0111 /* TropicalSunnyDay_ny.jpg */; };
		28F466DD1D6C476800FD0111 /* TropicalSunnyDay_nz.jpg in Resources */ = {isa = PBXBuildFile; fileRef = 28F466D21D6C476800FD0111 /* TropicalSunnyDay_nz.jpg */; };
		28F466E11D6C477A00FD0111 /* ViewController.m in Sources */ = {isa = PBXBuildFile; fileRef = 28F466DF1D6C477A00FD0111 /* ViewController.m */; };
		28F466E21D6C477A00FD0111 /* ViewController.xib in Resources */ = {isa = PBXBuildFile; fileRef = 28F466E01D6C477A00FD0111 /* ViewController.xib */; };
		28F466E41D6C479800FD0111 /* AppDelegate.m in Sources */ = {isa = PBXBuildFile; fileRef = 28F466E31D6C479800FD0111 /* AppDelegate.m */; };
/* End PBXBuildFile section */

/* Begin PBXFileReference section */
		2841B4681D6D3A8000818896 /* babylon.2.4.max.js */ = {isa = PBXFileReference; fileEncoding = 4; lastKnownFileType = sourcecode.javascript; path = babylon.2.4.max.js; sourceTree = "<group>"; };
		2841B46D1D6D6FE300818896 /* WGLViewContraller.h */ = {isa = PBXFileReference; fileEncoding = 4; lastKnownFileType = sourcecode.c.h; path = WGLViewContraller.h; sourceTree = "<group>"; };
		2841B46E1D6D6FE300818896 /* WGLViewContraller.m */ = {isa = PBXFileReference; fileEncoding = 4; lastKnownFileType = sourcecode.c.objc; path = WGLViewContraller.m; sourceTree = "<group>"; };
		2841B4721D6D753A00818896 /* BackgroundViewController.h */ = {isa = PBXFileReference; fileEncoding = 4; lastKnownFileType = sourcecode.c.h; path = BackgroundViewController.h; sourceTree = "<group>"; };
		2841B4731D6D753A00818896 /* BackgroundViewController.m */ = {isa = PBXFileReference; fileEncoding = 4; lastKnownFileType = sourcecode.c.objc; path = BackgroundViewController.m; sourceTree = "<group>"; };
		2841B4741D6D753A00818896 /* BackgroundViewController.xib */ = {isa = PBXFileReference; fileEncoding = 4; lastKnownFileType = file.xib; path = BackgroundViewController.xib; sourceTree = "<group>"; };
		2841B4771D6DAFB400818896 /* index1.html */ = {isa = PBXFileReference; fileEncoding = 4; lastKnownFileType = text.html; path = index1.html; sourceTree = "<group>"; };
		284FD92A1D6C4868009AAD93 /* babylon.js */ = {isa = PBXFileReference; fileEncoding = 4; lastKnownFileType = sourcecode.javascript; path = babylon.js; sourceTree = "<group>"; };
		284FD92B1D6C4868009AAD93 /* loaderCustoms.js */ = {isa = PBXFileReference; fileEncoding = 4; lastKnownFileType = sourcecode.javascript; path = loaderCustoms.js; sourceTree = "<group>"; };
		284FD92C1D6C4868009AAD93 /* pep.min.js */ = {isa = PBXFileReference; fileEncoding = 4; lastKnownFileType = sourcecode.javascript; path = pep.min.js; sourceTree = "<group>"; };
		28F466AD1D6C474C00FD0111 /* BabylonDemo.app */ = {isa = PBXFileReference; explicitFileType = wrapper.application; includeInIndex = 0; path = BabylonDemo.app; sourceTree = BUILT_PRODUCTS_DIR; };
		28F466B11D6C474C00FD0111 /* main.m */ = {isa = PBXFileReference; lastKnownFileType = sourcecode.c.objc; path = main.m; sourceTree = "<group>"; };
		28F466B31D6C474C00FD0111 /* AppDelegate.h */ = {isa = PBXFileReference; lastKnownFileType = sourcecode.c.h; path = AppDelegate.h; sourceTree = "<group>"; };
		28F466BC1D6C474C00FD0111 /* Assets.xcassets */ = {isa = PBXFileReference; lastKnownFileType = folder.assetcatalog; path = Assets.xcassets; sourceTree = "<group>"; };
		28F466BF1D6C474D00FD0111 /* Base */ = {isa = PBXFileReference; lastKnownFileType = file.storyboard; name = Base; path = Base.lproj/LaunchScreen.storyboard; sourceTree = "<group>"; };
		28F466C11D6C474D00FD0111 /* Info.plist */ = {isa = PBXFileReference; lastKnownFileType = text.plist.xml; path = Info.plist; sourceTree = "<group>"; };
		28F466C91D6C476800FD0111 /* demo.js */ = {isa = PBXFileReference; fileEncoding = 4; lastKnownFileType = sourcecode.javascript; path = demo.js; sourceTree = "<group>"; };
		28F466CA1D6C476800FD0111 /* Flare.png */ = {isa = PBXFileReference; lastKnownFileType = image.png; path = Flare.png; sourceTree = "<group>"; };
		28F466CB1D6C476800FD0111 /* fog.js */ = {isa = PBXFileReference; fileEncoding = 4; lastKnownFileType = sourcecode.javascript; path = fog.js; sourceTree = "<group>"; };
		28F466CC1D6C476800FD0111 /* fresnel.js */ = {isa = PBXFileReference; fileEncoding = 4; lastKnownFileType = sourcecode.javascript; path = fresnel.js; sourceTree = "<group>"; };
		28F466CD1D6C476800FD0111 /* index.css */ = {isa = PBXFileReference; fileEncoding = 4; lastKnownFileType = text.css; path = index.css; sourceTree = "<group>"; };
		28F466CE1D6C476800FD0111 /* index.html */ = {isa = PBXFileReference; fileEncoding = 4; lastKnownFileType = text.html; path = index.html; sourceTree = "<group>"; };
		28F466D11D6C476800FD0111 /* TropicalSunnyDay_ny.jpg */ = {isa = PBXFileReference; lastKnownFileType = image.jpeg; path = TropicalSunnyDay_ny.jpg; sourceTree = "<group>"; };
		28F466D21D6C476800FD0111 /* TropicalSunnyDay_nz.jpg */ = {isa = PBXFileReference; lastKnownFileType = image.jpeg; path = TropicalSunnyDay_nz.jpg; sourceTree = "<group>"; };
		28F466DE1D6C477A00FD0111 /* ViewController.h */ = {isa = PBXFileReference; fileEncoding = 4; lastKnownFileType = sourcecode.c.h; path = ViewController.h; sourceTree = "<group>"; };
		28F466DF1D6C477A00FD0111 /* ViewController.m */ = {isa = PBXFileReference; fileEncoding = 4; lastKnownFileType = sourcecode.c.objc; path = ViewController.m; sourceTree = "<group>"; };
		28F466E01D6C477A00FD0111 /* ViewController.xib */ = {isa = PBXFileReference; fileEncoding = 4; lastKnownFileType = file.xib; path = ViewController.xib; sourceTree = "<group>"; };
		28F466E31D6C479800FD0111 /* AppDelegate.m */ = {isa = PBXFileReference; fileEncoding = 4; lastKnownFileType = sourcecode.c.objc; path = AppDelegate.m; sourceTree = "<group>"; };
/* End PBXFileReference section */

/* Begin PBXFrameworksBuildPhase section */
		28F466AA1D6C474C00FD0111 /* Frameworks */ = {
			isa = PBXFrameworksBuildPhase;
			buildActionMask = 2147483647;
			files = (
			);
			runOnlyForDeploymentPostprocessing = 0;
		};
/* End PBXFrameworksBuildPhase section */

/* Begin PBXGroup section */
		284FD9291D6C4868009AAD93 /* Lib */ = {
			isa = PBXGroup;
			children = (
				2841B4681D6D3A8000818896 /* babylon.2.4.max.js */,
				284FD92A1D6C4868009AAD93 /* babylon.js */,
				284FD92B1D6C4868009AAD93 /* loaderCustoms.js */,
				284FD92C1D6C4868009AAD93 /* pep.min.js */,
			);
			path = Lib;
			sourceTree = "<group>";
		};
		28F466A41D6C474C00FD0111 = {
			isa = PBXGroup;
			children = (
				28F466AF1D6C474C00FD0111 /* BabylonDemo */,
				28F466AE1D6C474C00FD0111 /* Products */,
			);
			sourceTree = "<group>";
		};
		28F466AE1D6C474C00FD0111 /* Products */ = {
			isa = PBXGroup;
			children = (
				28F466AD1D6C474C00FD0111 /* BabylonDemo.app */,
			);
			name = Products;
			sourceTree = "<group>";
		};
		28F466AF1D6C474C00FD0111 /* BabylonDemo */ = {
			isa = PBXGroup;
			children = (
				28F466C71D6C476800FD0111 /* Babylon_Res */,
				28F466B31D6C474C00FD0111 /* AppDelegate.h */,
				28F466E31D6C479800FD0111 /* AppDelegate.m */,
				28F466DE1D6C477A00FD0111 /* ViewController.h */,
				28F466DF1D6C477A00FD0111 /* ViewController.m */,
				28F466E01D6C477A00FD0111 /* ViewController.xib */,
				28F466BC1D6C474C00FD0111 /* Assets.xcassets */,
				28F466BE1D6C474D00FD0111 /* LaunchScreen.storyboard */,
				28F466C11D6C474D00FD0111 /* Info.plist */,
				28F466B01D6C474C00FD0111 /* Supporting Files */,
				2841B46D1D6D6FE300818896 /* WGLViewContraller.h */,
				2841B46E1D6D6FE300818896 /* WGLViewContraller.m */,
				2841B4721D6D753A00818896 /* BackgroundViewController.h */,
				2841B4731D6D753A00818896 /* BackgroundViewController.m */,
				2841B4741D6D753A00818896 /* BackgroundViewController.xib */,
			);
			path = BabylonDemo;
			sourceTree = "<group>";
		};
		28F466B01D6C474C00FD0111 /* Supporting Files */ = {
			isa = PBXGroup;
			children = (
				28F466B11D6C474C00FD0111 /* main.m */,
			);
			name = "Supporting Files";
			sourceTree = "<group>";
		};
		28F466C71D6C476800FD0111 /* Babylon_Res */ = {
			isa = PBXGroup;
			children = (
				284FD9291D6C4868009AAD93 /* Lib */,
				28F466C91D6C476800FD0111 /* demo.js */,
				28F466CA1D6C476800FD0111 /* Flare.png */,
				28F466CB1D6C476800FD0111 /* fog.js */,
				28F466CC1D6C476800FD0111 /* fresnel.js */,
				28F466CD1D6C476800FD0111 /* index.css */,
				28F466CE1D6C476800FD0111 /* index.html */,
				2841B4771D6DAFB400818896 /* index1.html */,
				28F466D11D6C476800FD0111 /* TropicalSunnyDay_ny.jpg */,
				28F466D21D6C476800FD0111 /* TropicalSunnyDay_nz.jpg */,
			);
			path = Babylon_Res;
			sourceTree = "<group>";
		};
/* End PBXGroup section */

/* Begin PBXNativeTarget section */
		28F466AC1D6C474C00FD0111 /* BabylonDemo */ = {
			isa = PBXNativeTarget;
			buildConfigurationList = 28F466C41D6C474D00FD0111 /* Build configuration list for PBXNativeTarget "BabylonDemo" */;
			buildPhases = (
				28F466A91D6C474C00FD0111 /* Sources */,
				28F466AA1D6C474C00FD0111 /* Frameworks */,
				28F466AB1D6C474C00FD0111 /* Resources */,
			);
			buildRules = (
			);
			dependencies = (
			);
			name = BabylonDemo;
			productName = BabylonDemo;
			productReference = 28F466AD1D6C474C00FD0111 /* BabylonDemo.app */;
			productType = "com.apple.product-type.application";
		};
/* End PBXNativeTarget section */

/* Begin PBXProject section */
		28F466A51D6C474C00FD0111 /* Project object */ = {
			isa = PBXProject;
			attributes = {
				LastUpgradeCheck = 0730;
				ORGANIZATIONNAME = logiph;
				TargetAttributes = {
					28F466AC1D6C474C00FD0111 = {
						CreatedOnToolsVersion = 7.3;
					};
				};
			};
			buildConfigurationList = 28F466A81D6C474C00FD0111 /* Build configuration list for PBXProject "BabylonDemo" */;
			compatibilityVersion = "Xcode 3.2";
			developmentRegion = English;
			hasScannedForEncodings = 0;
			knownRegions = (
				en,
				Base,
			);
			mainGroup = 28F466A41D6C474C00FD0111;
			productRefGroup = 28F466AE1D6C474C00FD0111 /* Products */;
			projectDirPath = "";
			projectRoot = "";
			targets = (
				28F466AC1D6C474C00FD0111 /* BabylonDemo */,
			);
		};
/* End PBXProject section */

/* Begin PBXResourcesBuildPhase section */
		28F466AB1D6C474C00FD0111 /* Resources */ = {
			isa = PBXResourcesBuildPhase;
			buildActionMask = 2147483647;
			files = (
				28F466DD1D6C476800FD0111 /* TropicalSunnyDay_nz.jpg in Resources */,
				2841B4781D6DAFB400818896 /* index1.html in Resources */,
				2841B4691D6D3A8000818896 /* babylon.2.4.max.js in Resources */,
				28F466DC1D6C476800FD0111 /* TropicalSunnyDay_ny.jpg in Resources */,
				28F466D41D6C476800FD0111 /* demo.js in Resources */,
				28F466C01D6C474D00FD0111 /* LaunchScreen.storyboard in Resources */,
				284FD92D1D6C4868009AAD93 /* babylon.js in Resources */,
				28F466BD1D6C474C00FD0111 /* Assets.xcassets in Resources */,
				284FD92F1D6C4868009AAD93 /* pep.min.js in Resources */,
				284FD92E1D6C4868009AAD93 /* loaderCustoms.js in Resources */,
				28F466D71D6C476800FD0111 /* fresnel.js in Resources */,
				28F466D91D6C476800FD0111 /* index.html in Resources */,
				28F466E21D6C477A00FD0111 /* ViewController.xib in Resources */,
				2841B4761D6D753A00818896 /* BackgroundViewController.xib in Resources */,
				28F466D61D6C476800FD0111 /* fog.js in Resources */,
				28F466D51D6C476800FD0111 /* Flare.png in Resources */,
				28F466D81D6C476800FD0111 /* index.css in Resources */,
			);
			runOnlyForDeploymentPostprocessing = 0;
		};
/* End PBXResourcesBuildPhase section */

/* Begin PBXSourcesBuildPhase section */
		28F466A91D6C474C00FD0111 /* Sources */ = {
			isa = PBXSourcesBuildPhase;
			buildActionMask = 2147483647;
			files = (
				28F466E11D6C477A00FD0111 /* ViewController.m in Sources */,
				2841B4701D6D6FE300818896 /* WGLViewContraller.m in Sources */,
				28F466B21D6C474C00FD0111 /* main.m in Sources */,
				2841B4751D6D753A00818896 /* BackgroundViewController.m in Sources */,
				28F466E41D6C479800FD0111 /* AppDelegate.m in Sources */,
			);
			runOnlyForDeploymentPostprocessing = 0;
		};
/* End PBXSourcesBuildPhase section */

/* Begin PBXVariantGroup section */
		28F466BE1D6C474D00FD0111 /* LaunchScreen.storyboard */ = {
			isa = PBXVariantGroup;
			children = (
				28F466BF1D6C474D00FD0111 /* Base */,
			);
			name = LaunchScreen.storyboard;
			sourceTree = "<group>";
		};
/* End PBXVariantGroup section */

/* Begin XCBuildConfiguration section */
		28F466C21D6C474D00FD0111 /* Debug */ = {
			isa = XCBuildConfiguration;
			buildSettings = {
				ALWAYS_SEARCH_USER_PATHS = NO;
				CLANG_ANALYZER_NONNULL = YES;
				CLANG_CXX_LANGUAGE_STANDARD = "gnu++0x";
				CLANG_CXX_LIBRARY = "libc++";
				CLANG_ENABLE_MODULES = YES;
				CLANG_ENABLE_OBJC_ARC = YES;
				CLANG_WARN_BOOL_CONVERSION = YES;
				CLANG_WARN_CONSTANT_CONVERSION = YES;
				CLANG_WARN_DIRECT_OBJC_ISA_USAGE = YES_ERROR;
				CLANG_WARN_EMPTY_BODY = YES;
				CLANG_WARN_ENUM_CONVERSION = YES;
				CLANG_WARN_INT_CONVERSION = YES;
				CLANG_WARN_OBJC_ROOT_CLASS = YES_ERROR;
				CLANG_WARN_UNREACHABLE_CODE = YES;
				CLANG_WARN__DUPLICATE_METHOD_MATCH = YES;
				"CODE_SIGN_IDENTITY[sdk=iphoneos*]" = "iPhone Developer";
				COPY_PHASE_STRIP = NO;
				DEBUG_INFORMATION_FORMAT = dwarf;
				ENABLE_STRICT_OBJC_MSGSEND = YES;
				ENABLE_TESTABILITY = YES;
				GCC_C_LANGUAGE_STANDARD = gnu99;
				GCC_DYNAMIC_NO_PIC = NO;
				GCC_NO_COMMON_BLOCKS = YES;
				GCC_OPTIMIZATION_LEVEL = 0;
				GCC_PREPROCESSOR_DEFINITIONS = (
					"DEBUG=1",
					"$(inherited)",
				);
				GCC_WARN_64_TO_32_BIT_CONVERSION = YES;
				GCC_WARN_ABOUT_RETURN_TYPE = YES_ERROR;
				GCC_WARN_UNDECLARED_SELECTOR = YES;
				GCC_WARN_UNINITIALIZED_AUTOS = YES_AGGRESSIVE;
				GCC_WARN_UNUSED_FUNCTION = YES;
				GCC_WARN_UNUSED_VARIABLE = YES;
				IPHONEOS_DEPLOYMENT_TARGET = 9.3;
				MTL_ENABLE_DEBUG_INFO = YES;
				ONLY_ACTIVE_ARCH = YES;
				SDKROOT = iphoneos;
			};
			name = Debug;
		};
		28F466C31D6C474D00FD0111 /* Release */ = {
			isa = XCBuildConfiguration;
			buildSettings = {
				ALWAYS_SEARCH_USER_PATHS = NO;
				CLANG_ANALYZER_NONNULL = YES;
				CLANG_CXX_LANGUAGE_STANDARD = "gnu++0x";
				CLANG_CXX_LIBRARY = "libc++";
				CLANG_ENABLE_MODULES = YES;
				CLANG_ENABLE_OBJC_ARC = YES;
				CLANG_WARN_BOOL_CONVERSION = YES;
				CLANG_WARN_CONSTANT_CONVERSION = YES;
				CLANG_WARN_DIRECT_OBJC_ISA_USAGE = YES_ERROR;
				CLANG_WARN_EMPTY_BODY = YES;
				CLANG_WARN_ENUM_CONVERSION = YES;
				CLANG_WARN_INT_CONVERSION = YES;
				CLANG_WARN_OBJC_ROOT_CLASS = YES_ERROR;
				CLANG_WARN_UNREACHABLE_CODE = YES;
				CLANG_WARN__DUPLICATE_METHOD_MATCH = YES;
				"CODE_SIGN_IDENTITY[sdk=iphoneos*]" = "iPhone Developer";
				COPY_PHASE_STRIP = NO;
				DEBUG_INFORMATION_FORMAT = "dwarf-with-dsym";
				ENABLE_NS_ASSERTIONS = NO;
				ENABLE_STRICT_OBJC_MSGSEND = YES;
				GCC_C_LANGUAGE_STANDARD = gnu99;
				GCC_NO_COMMON_BLOCKS = YES;
				GCC_WARN_64_TO_32_BIT_CONVERSION = YES;
				GCC_WARN_ABOUT_RETURN_TYPE = YES_ERROR;
				GCC_WARN_UNDECLARED_SELECTOR = YES;
				GCC_WARN_UNINITIALIZED_AUTOS = YES_AGGRESSIVE;
				GCC_WARN_UNUSED_FUNCTION = YES;
				GCC_WARN_UNUSED_VARIABLE = YES;
				IPHONEOS_DEPLOYMENT_TARGET = 9.3;
				MTL_ENABLE_DEBUG_INFO = NO;
				SDKROOT = iphoneos;
				VALIDATE_PRODUCT = YES;
			};
			name = Release;
		};
		28F466C51D6C474D00FD0111 /* Debug */ = {
			isa = XCBuildConfiguration;
			buildSettings = {
				ASSETCATALOG_COMPILER_APPICON_NAME = AppIcon;
				INFOPLIST_FILE = BabylonDemo/Info.plist;
				IPHONEOS_DEPLOYMENT_TARGET = 7.0;
				LD_RUNPATH_SEARCH_PATHS = "$(inherited) @executable_path/Frameworks";
				PRODUCT_BUNDLE_IDENTIFIER = io.logiph.BabylonDemo;
				PRODUCT_NAME = "$(TARGET_NAME)";
			};
			name = Debug;
		};
		28F466C61D6C474D00FD0111 /* Release */ = {
			isa = XCBuildConfiguration;
			buildSettings = {
				ASSETCATALOG_COMPILER_APPICON_NAME = AppIcon;
				INFOPLIST_FILE = BabylonDemo/Info.plist;
				IPHONEOS_DEPLOYMENT_TARGET = 7.0;
				LD_RUNPATH_SEARCH_PATHS = "$(inherited) @executable_path/Frameworks";
				PRODUCT_BUNDLE_IDENTIFIER = io.logiph.BabylonDemo;
				PRODUCT_NAME = "$(TARGET_NAME)";
			};
			name = Release;
		};
/* End XCBuildConfiguration section */

/* Begin XCConfigurationList section */
		28F466A81D6C474C00FD0111 /* Build configuration list for PBXProject "BabylonDemo" */ = {
			isa = XCConfigurationList;
			buildConfigurations = (
				28F466C21D6C474D00FD0111 /* Debug */,
				28F466C31D6C474D00FD0111 /* Release */,
			);
			defaultConfigurationIsVisible = 0;
			defaultConfigurationName = Release;
		};
		28F466C41D6C474D00FD0111 /* Build configuration list for PBXNativeTarget "BabylonDemo" */ = {
			isa = XCConfigurationList;
			buildConfigurations = (
				28F466C51D6C474D00FD0111 /* Debug */,
				28F466C61D6C474D00FD0111 /* Release */,
			);
			defaultConfigurationIsVisible = 0;
			defaultConfigurationName = Release;
		};
/* End XCConfigurationList section */
	};
	rootObject = 28F466A51D6C474C00FD0111 /* Project object */;
}
